
Microsoft Visual Studio Solution File, Format Version 12.00
# Visual Studio 15
VisualStudioVersion = 15.0.27703.2000
MinimumVisualStudioVersion = 10.0.40219.1
Project("{FAE04EC0-301F-11D3-BF4B-00C04F79EFBC}") = "Promotive Promosyon", "Promotive Promosyon\Promotive Promosyon.csproj", "{5706F2EF-1D49-469A-BF30-AB8C47127546}"
EndProject
Global
	GlobalSection(SolutionConfigurationPlatforms) = preSolution
		Debug|Any CPU = Debug|Any CPU
		Release|Any CPU = Release|Any CPU
	EndGlobalSection
	GlobalSection(ProjectConfigurationPlatforms) = postSolution
		{5706F2EF-1D49-469A-BF30-AB8C47127546}.Debug|Any CPU.ActiveCfg = Debug|Any CPU
		{5706F2EF-1D49-469A-BF30-AB8C47127546}.Debug|Any CPU.Build.0 = Debug|Any CPU
		{5706F2EF-1D49-469A-BF30-AB8C47127546}.Release|Any CPU.ActiveCfg = Release|Any CPU
		{5706F2EF-1D49-469A-BF30-AB8C47127546}.Release|Any CPU.Build.0 = Release|Any CPU
	EndGlobalSection
	GlobalSection(SolutionProperties) = preSolution
		HideSolutionNode = FALSE
	EndGlobalSection
	GlobalSection(ExtensibilityGlobals) = postSolution
		SolutionGuid = {267FA6F4-D60A-41D7-9292-135BA0795B1F}
	EndGlobalSection
EndGlobal
